
Microsoft Visual Studio Solution File, Format Version 12.00
# Visual Studio Version 16
VisualStudioVersion = 16.0.31410.357
MinimumVisualStudioVersion = 10.0.40219.1
Project("{9A19103F-16F7-4668-BE54-9A1E7A4F7556}") = "AreaTriangulo", "Exercicios\AreaTriangulo.csproj", "{DD63FCD1-3346-406A-B53B-A86A6B58A137}"
EndProject
Project("{2150E333-8FDC-42A3-9474-1A3956D46DE8}") = "CalcularAreaTriangulo", "CalcularAreaTriangulo", "{98796FE6-E40E-47D3-BF45-7B73CF4FB4B1}"
EndProject
Project("{2150E333-8FDC-42A3-9474-1A3956D46DE8}") = "CalcularIdadeAproximada", "CalcularIdadeAproximada", "{61BFAB63-888A-4F6E-AE50-64A76F60CDA1}"
EndProject
Project("{9A19103F-16F7-4668-BE54-9A1E7A4F7556}") = "CalculoIdade", "CalculoIdade\CalculoIdade.csproj", "{53DC3049-8D33-46D0-BFFF-CDDB53E22FA1}"
EndProject
Project("{2150E333-8FDC-42A3-9474-1A3956D46DE8}") = "CalcularValorAcrescido", "CalcularValorAcrescido", "{FEC2C963-F547-443F-B812-D50D8F31A3FF}"
EndProject
Project("{9A19103F-16F7-4668-BE54-9A1E7A4F7556}") = "CalculoValorAcrescido", "CalculoValorAcrescido\CalculoValorAcrescido.csproj", "{A47EC9E0-74EB-4680-84CF-D887D2437591}"
EndProject
Project("{2150E333-8FDC-42A3-9474-1A3956D46DE8}") = "CalcularDivisaoDoisNumeros", "CalcularDivisaoDoisNumeros", "{37ED99D2-B1E0-4EEE-9A39-0039DB3FA22C}"
EndProject
Project("{FAE04EC0-301F-11D3-BF4B-00C04F79EFBC}") = "DivisaoDoisNumeros", "DivisaoDoisNumeros\DivisaoDoisNumeros.csproj", "{E42B0E7C-9F48-4ED5-8584-BE96358C9A2A}"
EndProject
Project("{2150E333-8FDC-42A3-9474-1A3956D46DE8}") = "CalcularFichaFuncionario", "CalcularFichaFuncionario", "{3983C3D8-1531-4709-AA5E-FAFB125376D3}"
EndProject
Project("{FAE04EC0-301F-11D3-BF4B-00C04F79EFBC}") = "FichaFuncionario", "FichaFuncionario\FichaFuncionario.csproj", "{88777415-8A7A-48D6-B955-6565FF80109D}"
EndProject
Project("{2150E333-8FDC-42A3-9474-1A3956D46DE8}") = "LeitorDeTresNumeros", "LeitorDeTresNumeros", "{E9888C71-B18E-4FD7-A24E-385E35399D9D}"
EndProject
Project("{FAE04EC0-301F-11D3-BF4B-00C04F79EFBC}") = "LeitorTresNumeros", "LeitorTresNumeros\LeitorTresNumeros.csproj", "{E250BB82-94B3-43B5-8A95-85E456DCF743}"
EndProject
Project("{2150E333-8FDC-42A3-9474-1A3956D46DE8}") = "CalcularMediaAritmetica", "CalcularMediaAritmetica", "{870C9215-D98B-4932-8745-C58B6915ABDE}"
EndProject
Project("{FAE04EC0-301F-11D3-BF4B-00C04F79EFBC}") = "MediaAritmetica", "MediaAritmetica\MediaAritmetica.csproj", "{55CC4284-888C-47FD-943E-00264A0238CD}"
EndProject
Global
	GlobalSection(SolutionConfigurationPlatforms) = preSolution
		Debug|Any CPU = Debug|Any CPU
		Release|Any CPU = Release|Any CPU
	EndGlobalSection
	GlobalSection(ProjectConfigurationPlatforms) = postSolution
		{DD63FCD1-3346-406A-B53B-A86A6B58A137}.Debug|Any CPU.ActiveCfg = Debug|Any CPU
		{DD63FCD1-3346-406A-B53B-A86A6B58A137}.Debug|Any CPU.Build.0 = Debug|Any CPU
		{DD63FCD1-3346-406A-B53B-A86A6B58A137}.Release|Any CPU.ActiveCfg = Release|Any CPU
		{DD63FCD1-3346-406A-B53B-A86A6B58A137}.Release|Any CPU.Build.0 = Release|Any CPU
		{53DC3049-8D33-46D0-BFFF-CDDB53E22FA1}.Debug|Any CPU.ActiveCfg = Debug|Any CPU
		{53DC3049-8D33-46D0-BFFF-CDDB53E22FA1}.Debug|Any CPU.Build.0 = Debug|Any CPU
		{53DC3049-8D33-46D0-BFFF-CDDB53E22FA1}.Release|Any CPU.ActiveCfg = Release|Any CPU
		{53DC3049-8D33-46D0-BFFF-CDDB53E22FA1}.Release|Any CPU.Build.0 = Release|Any CPU
		{A47EC9E0-74EB-4680-84CF-D887D2437591}.Debug|Any CPU.ActiveCfg = Debug|Any CPU
		{A47EC9E0-74EB-4680-84CF-D887D2437591}.Debug|Any CPU.Build.0 = Debug|Any CPU
		{A47EC9E0-74EB-4680-84CF-D887D2437591}.Release|Any CPU.ActiveCfg = Release|Any CPU
		{A47EC9E0-74EB-4680-84CF-D887D2437591}.Release|Any CPU.Build.0 = Release|Any CPU
		{E42B0E7C-9F48-4ED5-8584-BE96358C9A2A}.Debug|Any CPU.ActiveCfg = Debug|Any CPU
		{E42B0E7C-9F48-4ED5-8584-BE96358C9A2A}.Debug|Any CPU.Build.0 = Debug|Any CPU
		{E42B0E7C-9F48-4ED5-8584-BE96358C9A2A}.Release|Any CPU.ActiveCfg = Release|Any CPU
		{E42B0E7C-9F48-4ED5-8584-BE96358C9A2A}.Release|Any CPU.Build.0 = Release|Any CPU
		{88777415-8A7A-48D6-B955-6565FF80109D}.Debug|Any CPU.ActiveCfg = Debug|Any CPU
		{88777415-8A7A-48D6-B955-6565FF80109D}.Debug|Any CPU.Build.0 = Debug|Any CPU
		{88777415-8A7A-48D6-B955-6565FF80109D}.Release|Any CPU.ActiveCfg = Release|Any CPU
		{88777415-8A7A-48D6-B955-6565FF80109D}.Release|Any CPU.Build.0 = Release|Any CPU
		{E250BB82-94B3-43B5-8A95-85E456DCF743}.Debug|Any CPU.ActiveCfg = Debug|Any CPU
		{E250BB82-94B3-43B5-8A95-85E456DCF743}.Debug|Any CPU.Build.0 = Debug|Any CPU
		{E250BB82-94B3-43B5-8A95-85E456DCF743}.Release|Any CPU.ActiveCfg = Release|Any CPU
		{E250BB82-94B3-43B5-8A95-85E456DCF743}.Release|Any CPU.Build.0 = Release|Any CPU
		{55CC4284-888C-47FD-943E-00264A0238CD}.Debug|Any CPU.ActiveCfg = Debug|Any CPU
		{55CC4284-888C-47FD-943E-00264A0238CD}.Debug|Any CPU.Build.0 = Debug|Any CPU
		{55CC4284-888C-47FD-943E-00264A0238CD}.Release|Any CPU.ActiveCfg = Release|Any CPU
		{55CC4284-888C-47FD-943E-00264A0238CD}.Release|Any CPU.Build.0 = Release|Any CPU
	EndGlobalSection
	GlobalSection(SolutionProperties) = preSolution
		HideSolutionNode = FALSE
	EndGlobalSection
	GlobalSection(NestedProjects) = preSolution
		{DD63FCD1-3346-406A-B53B-A86A6B58A137} = {98796FE6-E40E-47D3-BF45-7B73CF4FB4B1}
		{53DC3049-8D33-46D0-BFFF-CDDB53E22FA1} = {61BFAB63-888A-4F6E-AE50-64A76F60CDA1}
		{A47EC9E0-74EB-4680-84CF-D887D2437591} = {FEC2C963-F547-443F-B812-D50D8F31A3FF}
		{E42B0E7C-9F48-4ED5-8584-BE96358C9A2A} = {37ED99D2-B1E0-4EEE-9A39-0039DB3FA22C}
		{88777415-8A7A-48D6-B955-6565FF80109D} = {3983C3D8-1531-4709-AA5E-FAFB125376D3}
		{E250BB82-94B3-43B5-8A95-85E456DCF743} = {E9888C71-B18E-4FD7-A24E-385E35399D9D}
		{55CC4284-888C-47FD-943E-00264A0238CD} = {870C9215-D98B-4932-8745-C58B6915ABDE}
	EndGlobalSection
	GlobalSection(ExtensibilityGlobals) = postSolution
		SolutionGuid = {9AD4AF9D-449C-4ED0-A68A-9DB84C90EF0C}
	EndGlobalSection
EndGlobal
