
Microsoft Visual Studio Solution File, Format Version 12.00
# Visual Studio Version 16
VisualStudioVersion = 16.0.31410.357
MinimumVisualStudioVersion = 10.0.40219.1
Project("{FAE04EC0-301F-11D3-BF4B-00C04F79EFBC}") = "AreaTriangulo", "Exercicios\AreaTriangulo.csproj", "{DD63FCD1-3346-406A-B53B-A86A6B58A137}"
EndProject
Project("{2150E333-8FDC-42A3-9474-1A3956D46DE8}") = "CalcularAreaTriangulo", "CalcularAreaTriangulo", "{98796FE6-E40E-47D3-BF45-7B73CF4FB4B1}"
EndProject
Project("{2150E333-8FDC-42A3-9474-1A3956D46DE8}") = "CalcularIdadeAproximada", "CalcularIdadeAproximada", "{61BFAB63-888A-4F6E-AE50-64A76F60CDA1}"
EndProject
Project("{FAE04EC0-301F-11D3-BF4B-00C04F79EFBC}") = "CalculoIdade", "CalculoIdade\CalculoIdade.csproj", "{53DC3049-8D33-46D0-BFFF-CDDB53E22FA1}"
EndProject
Global
	GlobalSection(SolutionConfigurationPlatforms) = preSolution
		Debug|Any CPU = Debug|Any CPU
		Release|Any CPU = Release|Any CPU
	EndGlobalSection
	GlobalSection(ProjectConfigurationPlatforms) = postSolution
		{DD63FCD1-3346-406A-B53B-A86A6B58A137}.Debug|Any CPU.ActiveCfg = Debug|Any CPU
		{DD63FCD1-3346-406A-B53B-A86A6B58A137}.Debug|Any CPU.Build.0 = Debug|Any CPU
		{DD63FCD1-3346-406A-B53B-A86A6B58A137}.Release|Any CPU.ActiveCfg = Release|Any CPU
		{DD63FCD1-3346-406A-B53B-A86A6B58A137}.Release|Any CPU.Build.0 = Release|Any CPU
		{53DC3049-8D33-46D0-BFFF-CDDB53E22FA1}.Debug|Any CPU.ActiveCfg = Debug|Any CPU
		{53DC3049-8D33-46D0-BFFF-CDDB53E22FA1}.Debug|Any CPU.Build.0 = Debug|Any CPU
		{53DC3049-8D33-46D0-BFFF-CDDB53E22FA1}.Release|Any CPU.ActiveCfg = Release|Any CPU
		{53DC3049-8D33-46D0-BFFF-CDDB53E22FA1}.Release|Any CPU.Build.0 = Release|Any CPU
	EndGlobalSection
	GlobalSection(SolutionProperties) = preSolution
		HideSolutionNode = FALSE
	EndGlobalSection
	GlobalSection(NestedProjects) = preSolution
		{DD63FCD1-3346-406A-B53B-A86A6B58A137} = {98796FE6-E40E-47D3-BF45-7B73CF4FB4B1}
		{53DC3049-8D33-46D0-BFFF-CDDB53E22FA1} = {61BFAB63-888A-4F6E-AE50-64A76F60CDA1}
	EndGlobalSection
	GlobalSection(ExtensibilityGlobals) = postSolution
		SolutionGuid = {9AD4AF9D-449C-4ED0-A68A-9DB84C90EF0C}
	EndGlobalSection
EndGlobal
